
Microsoft Visual Studio Solution File, Format Version 12.00
# Visual Studio Version 17
VisualStudioVersion = 17.14.36518.9 d17.14
MinimumVisualStudioVersion = 10.0.40219.1
Project("{FAE04EC0-301F-11D3-BF4B-00C04F79EFBC}") = "NguyenBaDuy_KtraFE", "NguyenBaDuy_KtraFE.csproj", "{0403AE01-E9FF-46C0-BDDE-28B83F7EB848}"
EndProject
Global
	GlobalSection(SolutionConfigurationPlatforms) = preSolution
		Debug|Any CPU = Debug|Any CPU
		Release|Any CPU = Release|Any CPU
	EndGlobalSection
	GlobalSection(ProjectConfigurationPlatforms) = postSolution
		{0403AE01-E9FF-46C0-BDDE-28B83F7EB848}.Debug|Any CPU.ActiveCfg = Debug|Any CPU
		{0403AE01-E9FF-46C0-BDDE-28B83F7EB848}.Debug|Any CPU.Build.0 = Debug|Any CPU
		{0403AE01-E9FF-46C0-BDDE-28B83F7EB848}.Release|Any CPU.ActiveCfg = Release|Any CPU
		{0403AE01-E9FF-46C0-BDDE-28B83F7EB848}.Release|Any CPU.Build.0 = Release|Any CPU
	EndGlobalSection
	GlobalSection(SolutionProperties) = preSolution
		HideSolutionNode = FALSE
	EndGlobalSection
	GlobalSection(ExtensibilityGlobals) = postSolution
		SolutionGuid = {DE86D134-26F9-4CD1-80FC-0D73DE693017}
	EndGlobalSection
EndGlobal
